
Microsoft Visual Studio Solution File, Format Version 12.00
# Visual Studio Version 17
VisualStudioVersion = 17.13.35931.197 d17.13
MinimumVisualStudioVersion = 10.0.40219.1
Project("{FAE04EC0-301F-11D3-BF4B-00C04F79EFBC}") = "AttendanceVarsity", "AttendanceVarsity.csproj", "{9F845B07-BB63-4273-90D6-077B6337009A}"
EndProject
Global
	GlobalSection(SolutionConfigurationPlatforms) = preSolution
		Debug|Any CPU = Debug|Any CPU
		Release|Any CPU = Release|Any CPU
	EndGlobalSection
	GlobalSection(ProjectConfigurationPlatforms) = postSolution
		{9F845B07-BB63-4273-90D6-077B6337009A}.Debug|Any CPU.ActiveCfg = Debug|Any CPU
		{9F845B07-BB63-4273-90D6-077B6337009A}.Debug|Any CPU.Build.0 = Debug|Any CPU
		{9F845B07-BB63-4273-90D6-077B6337009A}.Release|Any CPU.ActiveCfg = Release|Any CPU
		{9F845B07-BB63-4273-90D6-077B6337009A}.Release|Any CPU.Build.0 = Release|Any CPU
	EndGlobalSection
	GlobalSection(SolutionProperties) = preSolution
		HideSolutionNode = FALSE
	EndGlobalSection
	GlobalSection(ExtensibilityGlobals) = postSolution
		SolutionGuid = {4BF269AB-344E-4D5B-80C1-BDCA87585BF7}
	EndGlobalSection
EndGlobal
